
Microsoft Visual Studio Solution File, Format Version 12.00
# Visual Studio Version 16
VisualStudioVersion = 16.0.29728.190
MinimumVisualStudioVersion = 10.0.40219.1
Project("{FAE04EC0-301F-11D3-BF4B-00C04F79EFBC}") = "pCA3", "pCA3\pCA3.csproj", "{72045DBA-4FF7-43D1-9DA3-3D5DA18990B6}"
EndProject
Global
	GlobalSection(SolutionConfigurationPlatforms) = preSolution
		Debug|Any CPU = Debug|Any CPU
		Release|Any CPU = Release|Any CPU
	EndGlobalSection
	GlobalSection(ProjectConfigurationPlatforms) = postSolution
		{72045DBA-4FF7-43D1-9DA3-3D5DA18990B6}.Debug|Any CPU.ActiveCfg = Debug|Any CPU
		{72045DBA-4FF7-43D1-9DA3-3D5DA18990B6}.Debug|Any CPU.Build.0 = Debug|Any CPU
		{72045DBA-4FF7-43D1-9DA3-3D5DA18990B6}.Release|Any CPU.ActiveCfg = Release|Any CPU
		{72045DBA-4FF7-43D1-9DA3-3D5DA18990B6}.Release|Any CPU.Build.0 = Release|Any CPU
	EndGlobalSection
	GlobalSection(SolutionProperties) = preSolution
		HideSolutionNode = FALSE
	EndGlobalSection
	GlobalSection(ExtensibilityGlobals) = postSolution
		SolutionGuid = {84EB6354-28D9-428B-9D86-03845563C935}
	EndGlobalSection
EndGlobal
